
Microsoft Visual Studio Solution File, Format Version 12.00
# Visual Studio Version 17
VisualStudioVersion = 17.2.32602.215
MinimumVisualStudioVersion = 10.0.40219.1
Project("{FAE04EC0-301F-11D3-BF4B-00C04F79EFBC}") = "ConsoleApp1", "ConsoleApp1\ConsoleApp1.csproj", "{0D0D9FD3-265E-4B74-825D-E32B73009C5B}"
EndProject
Project("{FAE04EC0-301F-11D3-BF4B-00C04F79EFBC}") = "ConsoleApp2", "ConsoleApp2\ConsoleApp2.csproj", "{A3472049-51F0-4538-84D7-D4A8376F4975}"
EndProject
Global
	GlobalSection(SolutionConfigurationPlatforms) = preSolution
		Debug|Any CPU = Debug|Any CPU
		Release|Any CPU = Release|Any CPU
	EndGlobalSection
	GlobalSection(ProjectConfigurationPlatforms) = postSolution
		{0D0D9FD3-265E-4B74-825D-E32B73009C5B}.Debug|Any CPU.ActiveCfg = Debug|Any CPU
		{0D0D9FD3-265E-4B74-825D-E32B73009C5B}.Debug|Any CPU.Build.0 = Debug|Any CPU
		{0D0D9FD3-265E-4B74-825D-E32B73009C5B}.Release|Any CPU.ActiveCfg = Release|Any CPU
		{0D0D9FD3-265E-4B74-825D-E32B73009C5B}.Release|Any CPU.Build.0 = Release|Any CPU
		{A3472049-51F0-4538-84D7-D4A8376F4975}.Debug|Any CPU.ActiveCfg = Debug|Any CPU
		{A3472049-51F0-4538-84D7-D4A8376F4975}.Debug|Any CPU.Build.0 = Debug|Any CPU
		{A3472049-51F0-4538-84D7-D4A8376F4975}.Release|Any CPU.ActiveCfg = Release|Any CPU
		{A3472049-51F0-4538-84D7-D4A8376F4975}.Release|Any CPU.Build.0 = Release|Any CPU
	EndGlobalSection
	GlobalSection(SolutionProperties) = preSolution
		HideSolutionNode = FALSE
	EndGlobalSection
	GlobalSection(ExtensibilityGlobals) = postSolution
		SolutionGuid = {571B0C22-5F7E-4003-8C7E-B0C0853832B2}
	EndGlobalSection
EndGlobal
